
Microsoft Visual Studio Solution File, Format Version 12.00
# Visual Studio Version 17
VisualStudioVersion = 17.0.31903.59
MinimumVisualStudioVersion = 10.0.40219.1
Project("{2150E333-8FDC-42A3-9474-1A3956D46DE8}") = "src", "src", "{827E0CD3-B72D-47B6-A68D-7590B98EB39B}"
EndProject
Project("{FAE04EC0-301F-11D3-BF4B-00C04F79EFBC}") = "Atlas.Upstream.Contracts", "src\Atlas.Upstream.Contracts\Atlas.Upstream.Contracts.csproj", "{B193348E-E401-42A4-902C-C11215456F9C}"
EndProject
Project("{FAE04EC0-301F-11D3-BF4B-00C04F79EFBC}") = "Atlas.Classic.DataAnnotations", "src\Atlas.Classic.DataAnnotations\Atlas.Classic.DataAnnotations.csproj", "{D57D6EBE-1E86-4ADA-B8F1-F8ED568467A5}"
EndProject
Project("{FAE04EC0-301F-11D3-BF4B-00C04F79EFBC}") = "Atlas.Classic.AdapterChaining", "src\Atlas.Classic.AdapterChaining\Atlas.Classic.AdapterChaining.csproj", "{9835BA66-987C-427C-8C2C-49AEE7A7AED5}"
EndProject
Project("{FAE04EC0-301F-11D3-BF4B-00C04F79EFBC}") = "Atlas.Classic.ValidatorFactory", "src\Atlas.Classic.ValidatorFactory\Atlas.Classic.ValidatorFactory.csproj", "{4437DD64-EB0C-42FB-941A-93F72AB25A3C}"
EndProject
Project("{FAE04EC0-301F-11D3-BF4B-00C04F79EFBC}") = "Atlas.Functional.Commands", "src\Atlas.Functional.Commands\Atlas.Functional.Commands.csproj", "{7F9D18BE-A478-4936-B0F1-6E4C46E5F5D0}"
EndProject
Project("{2150E333-8FDC-42A3-9474-1A3956D46DE8}") = "tests", "tests", "{0AB3BF05-4346-4AA6-1389-037BE0695223}"
EndProject
Project("{FAE04EC0-301F-11D3-BF4B-00C04F79EFBC}") = "Atlas.Functional.Commands.Tests", "tests\Atlas.Functional.Commands.Tests\Atlas.Functional.Commands.Tests.csproj", "{30D030CF-04D4-4550-B8BA-F1313AC92AA5}"
EndProject
Project("{FAE04EC0-301F-11D3-BF4B-00C04F79EFBC}") = "Atlas.Api", "src\Atlas.Api\Atlas.Api.csproj", "{B251FFF3-B18F-48C0-87C0-DD2A09E8E2A2}"
EndProject
Project("{FAE04EC0-301F-11D3-BF4B-00C04F79EFBC}") = "Atlas.Classic.NTier", "src\Atlas.Classic.NTier\Atlas.Classic.NTier.csproj", "{FCD8E6FE-7FFC-4CEB-A791-12C775412F30}"
EndProject
Global
	GlobalSection(SolutionConfigurationPlatforms) = preSolution
		Debug|Any CPU = Debug|Any CPU
		Debug|x64 = Debug|x64
		Debug|x86 = Debug|x86
		Release|Any CPU = Release|Any CPU
		Release|x64 = Release|x64
		Release|x86 = Release|x86
	EndGlobalSection
	GlobalSection(ProjectConfigurationPlatforms) = postSolution
		{B193348E-E401-42A4-902C-C11215456F9C}.Debug|Any CPU.ActiveCfg = Debug|Any CPU
		{B193348E-E401-42A4-902C-C11215456F9C}.Debug|Any CPU.Build.0 = Debug|Any CPU
		{B193348E-E401-42A4-902C-C11215456F9C}.Debug|x64.ActiveCfg = Debug|Any CPU
		{B193348E-E401-42A4-902C-C11215456F9C}.Debug|x64.Build.0 = Debug|Any CPU
		{B193348E-E401-42A4-902C-C11215456F9C}.Debug|x86.ActiveCfg = Debug|Any CPU
		{B193348E-E401-42A4-902C-C11215456F9C}.Debug|x86.Build.0 = Debug|Any CPU
		{B193348E-E401-42A4-902C-C11215456F9C}.Release|Any CPU.ActiveCfg = Release|Any CPU
		{B193348E-E401-42A4-902C-C11215456F9C}.Release|Any CPU.Build.0 = Release|Any CPU
		{B193348E-E401-42A4-902C-C11215456F9C}.Release|x64.ActiveCfg = Release|Any CPU
		{B193348E-E401-42A4-902C-C11215456F9C}.Release|x64.Build.0 = Release|Any CPU
		{B193348E-E401-42A4-902C-C11215456F9C}.Release|x86.ActiveCfg = Release|Any CPU
		{B193348E-E401-42A4-902C-C11215456F9C}.Release|x86.Build.0 = Release|Any CPU
		{D57D6EBE-1E86-4ADA-B8F1-F8ED568467A5}.Debug|Any CPU.ActiveCfg = Debug|Any CPU
		{D57D6EBE-1E86-4ADA-B8F1-F8ED568467A5}.Debug|Any CPU.Build.0 = Debug|Any CPU
		{D57D6EBE-1E86-4ADA-B8F1-F8ED568467A5}.Debug|x64.ActiveCfg = Debug|Any CPU
		{D57D6EBE-1E86-4ADA-B8F1-F8ED568467A5}.Debug|x64.Build.0 = Debug|Any CPU
		{D57D6EBE-1E86-4ADA-B8F1-F8ED568467A5}.Debug|x86.ActiveCfg = Debug|Any CPU
		{D57D6EBE-1E86-4ADA-B8F1-F8ED568467A5}.Debug|x86.Build.0 = Debug|Any CPU
		{D57D6EBE-1E86-4ADA-B8F1-F8ED568467A5}.Release|Any CPU.ActiveCfg = Release|Any CPU
		{D57D6EBE-1E86-4ADA-B8F1-F8ED568467A5}.Release|Any CPU.Build.0 = Release|Any CPU
		{D57D6EBE-1E86-4ADA-B8F1-F8ED568467A5}.Release|x64.ActiveCfg = Release|Any CPU
		{D57D6EBE-1E86-4ADA-B8F1-F8ED568467A5}.Release|x64.Build.0 = Release|Any CPU
		{D57D6EBE-1E86-4ADA-B8F1-F8ED568467A5}.Release|x86.ActiveCfg = Release|Any CPU
		{D57D6EBE-1E86-4ADA-B8F1-F8ED568467A5}.Release|x86.Build.0 = Release|Any CPU
		{9835BA66-987C-427C-8C2C-49AEE7A7AED5}.Debug|Any CPU.ActiveCfg = Debug|Any CPU
		{9835BA66-987C-427C-8C2C-49AEE7A7AED5}.Debug|Any CPU.Build.0 = Debug|Any CPU
		{9835BA66-987C-427C-8C2C-49AEE7A7AED5}.Debug|x64.ActiveCfg = Debug|Any CPU
		{9835BA66-987C-427C-8C2C-49AEE7A7AED5}.Debug|x64.Build.0 = Debug|Any CPU
		{9835BA66-987C-427C-8C2C-49AEE7A7AED5}.Debug|x86.ActiveCfg = Debug|Any CPU
		{9835BA66-987C-427C-8C2C-49AEE7A7AED5}.Debug|x86.Build.0 = Debug|Any CPU
		{9835BA66-987C-427C-8C2C-49AEE7A7AED5}.Release|Any CPU.ActiveCfg = Release|Any CPU
		{9835BA66-987C-427C-8C2C-49AEE7A7AED5}.Release|Any CPU.Build.0 = Release|Any CPU
		{9835BA66-987C-427C-8C2C-49AEE7A7AED5}.Release|x64.ActiveCfg = Release|Any CPU
		{9835BA66-987C-427C-8C2C-49AEE7A7AED5}.Release|x64.Build.0 = Release|Any CPU
		{9835BA66-987C-427C-8C2C-49AEE7A7AED5}.Release|x86.ActiveCfg = Release|Any CPU
		{9835BA66-987C-427C-8C2C-49AEE7A7AED5}.Release|x86.Build.0 = Release|Any CPU
		{4437DD64-EB0C-42FB-941A-93F72AB25A3C}.Debug|Any CPU.ActiveCfg = Debug|Any CPU
		{4437DD64-EB0C-42FB-941A-93F72AB25A3C}.Debug|Any CPU.Build.0 = Debug|Any CPU
		{4437DD64-EB0C-42FB-941A-93F72AB25A3C}.Debug|x64.ActiveCfg = Debug|Any CPU
		{4437DD64-EB0C-42FB-941A-93F72AB25A3C}.Debug|x64.Build.0 = Debug|Any CPU
		{4437DD64-EB0C-42FB-941A-93F72AB25A3C}.Debug|x86.ActiveCfg = Debug|Any CPU
		{4437DD64-EB0C-42FB-941A-93F72AB25A3C}.Debug|x86.Build.0 = Debug|Any CPU
		{4437DD64-EB0C-42FB-941A-93F72AB25A3C}.Release|Any CPU.ActiveCfg = Release|Any CPU
		{4437DD64-EB0C-42FB-941A-93F72AB25A3C}.Release|Any CPU.Build.0 = Release|Any CPU
		{4437DD64-EB0C-42FB-941A-93F72AB25A3C}.Release|x64.ActiveCfg = Release|Any CPU
		{4437DD64-EB0C-42FB-941A-93F72AB25A3C}.Release|x64.Build.0 = Release|Any CPU
		{4437DD64-EB0C-42FB-941A-93F72AB25A3C}.Release|x86.ActiveCfg = Release|Any CPU
		{4437DD64-EB0C-42FB-941A-93F72AB25A3C}.Release|x86.Build.0 = Release|Any CPU
		{7F9D18BE-A478-4936-B0F1-6E4C46E5F5D0}.Debug|Any CPU.ActiveCfg = Debug|Any CPU
		{7F9D18BE-A478-4936-B0F1-6E4C46E5F5D0}.Debug|Any CPU.Build.0 = Debug|Any CPU
		{7F9D18BE-A478-4936-B0F1-6E4C46E5F5D0}.Debug|x64.ActiveCfg = Debug|Any CPU
		{7F9D18BE-A478-4936-B0F1-6E4C46E5F5D0}.Debug|x64.Build.0 = Debug|Any CPU
		{7F9D18BE-A478-4936-B0F1-6E4C46E5F5D0}.Debug|x86.ActiveCfg = Debug|Any CPU
		{7F9D18BE-A478-4936-B0F1-6E4C46E5F5D0}.Debug|x86.Build.0 = Debug|Any CPU
		{7F9D18BE-A478-4936-B0F1-6E4C46E5F5D0}.Release|Any CPU.ActiveCfg = Release|Any CPU
		{7F9D18BE-A478-4936-B0F1-6E4C46E5F5D0}.Release|Any CPU.Build.0 = Release|Any CPU
		{7F9D18BE-A478-4936-B0F1-6E4C46E5F5D0}.Release|x64.ActiveCfg = Release|Any CPU
		{7F9D18BE-A478-4936-B0F1-6E4C46E5F5D0}.Release|x64.Build.0 = Release|Any CPU
		{7F9D18BE-A478-4936-B0F1-6E4C46E5F5D0}.Release|x86.ActiveCfg = Release|Any CPU
		{7F9D18BE-A478-4936-B0F1-6E4C46E5F5D0}.Release|x86.Build.0 = Release|Any CPU
		{30D030CF-04D4-4550-B8BA-F1313AC92AA5}.Debug|Any CPU.ActiveCfg = Debug|Any CPU
		{30D030CF-04D4-4550-B8BA-F1313AC92AA5}.Debug|Any CPU.Build.0 = Debug|Any CPU
		{30D030CF-04D4-4550-B8BA-F1313AC92AA5}.Debug|x64.ActiveCfg = Debug|Any CPU
		{30D030CF-04D4-4550-B8BA-F1313AC92AA5}.Debug|x64.Build.0 = Debug|Any CPU
		{30D030CF-04D4-4550-B8BA-F1313AC92AA5}.Debug|x86.ActiveCfg = Debug|Any CPU
		{30D030CF-04D4-4550-B8BA-F1313AC92AA5}.Debug|x86.Build.0 = Debug|Any CPU
		{30D030CF-04D4-4550-B8BA-F1313AC92AA5}.Release|Any CPU.ActiveCfg = Release|Any CPU
		{30D030CF-04D4-4550-B8BA-F1313AC92AA5}.Release|Any CPU.Build.0 = Release|Any CPU
		{30D030CF-04D4-4550-B8BA-F1313AC92AA5}.Release|x64.ActiveCfg = Release|Any CPU
		{30D030CF-04D4-4550-B8BA-F1313AC92AA5}.Release|x64.Build.0 = Release|Any CPU
		{30D030CF-04D4-4550-B8BA-F1313AC92AA5}.Release|x86.ActiveCfg = Release|Any CPU
		{30D030CF-04D4-4550-B8BA-F1313AC92AA5}.Release|x86.Build.0 = Release|Any CPU
		{B251FFF3-B18F-48C0-87C0-DD2A09E8E2A2}.Debug|Any CPU.ActiveCfg = Debug|Any CPU
		{B251FFF3-B18F-48C0-87C0-DD2A09E8E2A2}.Debug|Any CPU.Build.0 = Debug|Any CPU
		{B251FFF3-B18F-48C0-87C0-DD2A09E8E2A2}.Debug|x64.ActiveCfg = Debug|Any CPU
		{B251FFF3-B18F-48C0-87C0-DD2A09E8E2A2}.Debug|x64.Build.0 = Debug|Any CPU
		{B251FFF3-B18F-48C0-87C0-DD2A09E8E2A2}.Debug|x86.ActiveCfg = Debug|Any CPU
		{B251FFF3-B18F-48C0-87C0-DD2A09E8E2A2}.Debug|x86.Build.0 = Debug|Any CPU
		{B251FFF3-B18F-48C0-87C0-DD2A09E8E2A2}.Release|Any CPU.ActiveCfg = Release|Any CPU
		{B251FFF3-B18F-48C0-87C0-DD2A09E8E2A2}.Release|Any CPU.Build.0 = Release|Any CPU
		{B251FFF3-B18F-48C0-87C0-DD2A09E8E2A2}.Release|x64.ActiveCfg = Release|Any CPU
		{B251FFF3-B18F-48C0-87C0-DD2A09E8E2A2}.Release|x64.Build.0 = Release|Any CPU
		{B251FFF3-B18F-48C0-87C0-DD2A09E8E2A2}.Release|x86.ActiveCfg = Release|Any CPU
		{B251FFF3-B18F-48C0-87C0-DD2A09E8E2A2}.Release|x86.Build.0 = Release|Any CPU
		{FCD8E6FE-7FFC-4CEB-A791-12C775412F30}.Debug|Any CPU.ActiveCfg = Debug|Any CPU
		{FCD8E6FE-7FFC-4CEB-A791-12C775412F30}.Debug|Any CPU.Build.0 = Debug|Any CPU
		{FCD8E6FE-7FFC-4CEB-A791-12C775412F30}.Debug|x64.ActiveCfg = Debug|Any CPU
		{FCD8E6FE-7FFC-4CEB-A791-12C775412F30}.Debug|x64.Build.0 = Debug|Any CPU
		{FCD8E6FE-7FFC-4CEB-A791-12C775412F30}.Debug|x86.ActiveCfg = Debug|Any CPU
		{FCD8E6FE-7FFC-4CEB-A791-12C775412F30}.Debug|x86.Build.0 = Debug|Any CPU
		{FCD8E6FE-7FFC-4CEB-A791-12C775412F30}.Release|Any CPU.ActiveCfg = Release|Any CPU
		{FCD8E6FE-7FFC-4CEB-A791-12C775412F30}.Release|Any CPU.Build.0 = Release|Any CPU
		{FCD8E6FE-7FFC-4CEB-A791-12C775412F30}.Release|x64.ActiveCfg = Release|Any CPU
		{FCD8E6FE-7FFC-4CEB-A791-12C775412F30}.Release|x64.Build.0 = Release|Any CPU
		{FCD8E6FE-7FFC-4CEB-A791-12C775412F30}.Release|x86.ActiveCfg = Release|Any CPU
		{FCD8E6FE-7FFC-4CEB-A791-12C775412F30}.Release|x86.Build.0 = Release|Any CPU
	EndGlobalSection
	GlobalSection(SolutionProperties) = preSolution
		HideSolutionNode = FALSE
	EndGlobalSection
	GlobalSection(NestedProjects) = preSolution
		{B193348E-E401-42A4-902C-C11215456F9C} = {827E0CD3-B72D-47B6-A68D-7590B98EB39B}
		{D57D6EBE-1E86-4ADA-B8F1-F8ED568467A5} = {827E0CD3-B72D-47B6-A68D-7590B98EB39B}
		{9835BA66-987C-427C-8C2C-49AEE7A7AED5} = {827E0CD3-B72D-47B6-A68D-7590B98EB39B}
		{4437DD64-EB0C-42FB-941A-93F72AB25A3C} = {827E0CD3-B72D-47B6-A68D-7590B98EB39B}
		{7F9D18BE-A478-4936-B0F1-6E4C46E5F5D0} = {827E0CD3-B72D-47B6-A68D-7590B98EB39B}
		{30D030CF-04D4-4550-B8BA-F1313AC92AA5} = {0AB3BF05-4346-4AA6-1389-037BE0695223}
		{B251FFF3-B18F-48C0-87C0-DD2A09E8E2A2} = {827E0CD3-B72D-47B6-A68D-7590B98EB39B}
		{FCD8E6FE-7FFC-4CEB-A791-12C775412F30} = {827E0CD3-B72D-47B6-A68D-7590B98EB39B}
	EndGlobalSection
EndGlobal
